// !$*UTF8*$!
{
	archiveVersion = 1;
	classes = {
	};
	objectVersion = 56;
	objects = {

/* Begin PBXBuildFile section */
		160D22232C52ABDD0067191D /* ZeticMLange.framework in Frameworks */ = {isa = PBXBuildFile; fileRef = 160D22212C52AB080067191D /* ZeticMLange.framework */; };
		160D22242C52ABDD0067191D /* ZeticMLange.framework in Embed Frameworks */ = {isa = PBXBuildFile; fileRef = 160D22212C52AB080067191D /* ZeticMLange.framework */; settings = {ATTRIBUTES = (CodeSignOnCopy, RemoveHeadersOnCopy, ); }; };
		166FD8F82C5105480082DBA6 /* ZeticMLangeiOSSampleApp.swift in Sources */ = {isa = PBXBuildFile; fileRef = 166FD8F72C5105480082DBA6 /* ZeticMLangeiOSSampleApp.swift */; };
		166FD8FA2C5105480082DBA6 /* ContentView.swift in Sources */ = {isa = PBXBuildFile; fileRef = 166FD8F92C5105480082DBA6 /* ContentView.swift */; };
		166FD8FC2C5105490082DBA6 /* Assets.xcassets in Resources */ = {isa = PBXBuildFile; fileRef = 166FD8FB2C5105490082DBA6 /* Assets.xcassets */; };
		166FD8FF2C5105490082DBA6 /* Preview Assets.xcassets in Resources */ = {isa = PBXBuildFile; fileRef = 166FD8FE2C5105490082DBA6 /* Preview Assets.xcassets */; };
		166FD9092C5105490082DBA6 /* ZeticMLangeiOSSampleTests.swift in Sources */ = {isa = PBXBuildFile; fileRef = 166FD9082C5105490082DBA6 /* ZeticMLangeiOSSampleTests.swift */; };
		166FD9132C5105490082DBA6 /* ZeticMLangeiOSSampleUITests.swift in Sources */ = {isa = PBXBuildFile; fileRef = 166FD9122C5105490082DBA6 /* ZeticMLangeiOSSampleUITests.swift */; };
		166FD9152C5105490082DBA6 /* ZeticMLangeiOSSampleUITestsLaunchTests.swift in Sources */ = {isa = PBXBuildFile; fileRef = 166FD9142C5105490082DBA6 /* ZeticMLangeiOSSampleUITestsLaunchTests.swift */; };
/* End PBXBuildFile section */

/* Begin PBXContainerItemProxy section */
		166FD9052C5105490082DBA6 /* PBXContainerItemProxy */ = {
			isa = PBXContainerItemProxy;
			containerPortal = 166FD8EC2C5105480082DBA6 /* Project object */;
			proxyType = 1;
			remoteGlobalIDString = 166FD8F32C5105480082DBA6;
			remoteInfo = ZeticMLangeiOSSample;
		};
		166FD90F2C5105490082DBA6 /* PBXContainerItemProxy */ = {
			isa = PBXContainerItemProxy;
			containerPortal = 166FD8EC2C5105480082DBA6 /* Project object */;
			proxyType = 1;
			remoteGlobalIDString = 166FD8F32C5105480082DBA6;
			remoteInfo = ZeticMLangeiOSSample;
		};
/* End PBXContainerItemProxy section */

/* Begin PBXCopyFilesBuildPhase section */
		16F012D22C5108E400C47A69 /* Embed Frameworks */ = {
			isa = PBXCopyFilesBuildPhase;
			buildActionMask = 2147483647;
			dstPath = "";
			dstSubfolderSpec = 10;
			files = (
				160D22242C52ABDD0067191D /* ZeticMLange.framework in Embed Frameworks */,
			);
			name = "Embed Frameworks";
			runOnlyForDeploymentPostprocessing = 0;
		};
/* End PBXCopyFilesBuildPhase section */

/* Begin PBXFileReference section */
		160D22212C52AB080067191D /* ZeticMLange.framework */ = {isa = PBXFileReference; lastKnownFileType = wrapper.framework; path = ZeticMLange.framework; sourceTree = "<group>"; };
		166FD8F42C5105480082DBA6 /* ZeticMLangeiOSSample.app */ = {isa = PBXFileReference; explicitFileType = wrapper.application; includeInIndex = 0; path = ZeticMLangeiOSSample.app; sourceTree = BUILT_PRODUCTS_DIR; };
		166FD8F72C5105480082DBA6 /* ZeticMLangeiOSSampleApp.swift */ = {isa = PBXFileReference; lastKnownFileType = sourcecode.swift; path = ZeticMLangeiOSSampleApp.swift; sourceTree = "<group>"; };
		166FD8F92C5105480082DBA6 /* ContentView.swift */ = {isa = PBXFileReference; lastKnownFileType = sourcecode.swift; path = ContentView.swift; sourceTree = "<group>"; };
		166FD8FB2C5105490082DBA6 /* Assets.xcassets */ = {isa = PBXFileReference; lastKnownFileType = folder.assetcatalog; path = Assets.xcassets; sourceTree = "<group>"; };
		166FD8FE2C5105490082DBA6 /* Preview Assets.xcassets */ = {isa = PBXFileReference; lastKnownFileType = folder.assetcatalog; path = "Preview Assets.xcassets"; sourceTree = "<group>"; };
		166FD9042C5105490082DBA6 /* ZeticMLangeiOSSampleTests.xctest */ = {isa = PBXFileReference; explicitFileType = wrapper.cfbundle; includeInIndex = 0; path = ZeticMLangeiOSSampleTests.xctest; sourceTree = BUILT_PRODUCTS_DIR; };
		166FD9082C5105490082DBA6 /* ZeticMLangeiOSSampleTests.swift */ = {isa = PBXFileReference; lastKnownFileType = sourcecode.swift; path = ZeticMLangeiOSSampleTests.swift; sourceTree = "<group>"; };
		166FD90E2C5105490082DBA6 /* ZeticMLangeiOSSampleUITests.xctest */ = {isa = PBXFileReference; explicitFileType = wrapper.cfbundle; includeInIndex = 0; path = ZeticMLangeiOSSampleUITests.xctest; sourceTree = BUILT_PRODUCTS_DIR; };
		166FD9122C5105490082DBA6 /* ZeticMLangeiOSSampleUITests.swift */ = {isa = PBXFileReference; lastKnownFileType = sourcecode.swift; path = ZeticMLangeiOSSampleUITests.swift; sourceTree = "<group>"; };
		166FD9142C5105490082DBA6 /* ZeticMLangeiOSSampleUITestsLaunchTests.swift */ = {isa = PBXFileReference; lastKnownFileType = sourcecode.swift; path = ZeticMLangeiOSSampleUITestsLaunchTests.swift; sourceTree = "<group>"; };
/* End PBXFileReference section */

/* Begin PBXFrameworksBuildPhase section */
		166FD8F12C5105480082DBA6 /* Frameworks */ = {
			isa = PBXFrameworksBuildPhase;
			buildActionMask = 2147483647;
			files = (
				160D22232C52ABDD0067191D /* ZeticMLange.framework in Frameworks */,
			);
			runOnlyForDeploymentPostprocessing = 0;
		};
		166FD9012C5105490082DBA6 /* Frameworks */ = {
			isa = PBXFrameworksBuildPhase;
			buildActionMask = 2147483647;
			files = (
			);
			runOnlyForDeploymentPostprocessing = 0;
		};
		166FD90B2C5105490082DBA6 /* Frameworks */ = {
			isa = PBXFrameworksBuildPhase;
			buildActionMask = 2147483647;
			files = (
			);
			runOnlyForDeploymentPostprocessing = 0;
		};
/* End PBXFrameworksBuildPhase section */

/* Begin PBXGroup section */
		166FD8EB2C5105480082DBA6 = {
			isa = PBXGroup;
			children = (
				166FD8F62C5105480082DBA6 /* ZeticMLangeiOSSample */,
				166FD9072C5105490082DBA6 /* ZeticMLangeiOSSampleTests */,
				166FD9112C5105490082DBA6 /* ZeticMLangeiOSSampleUITests */,
				166FD8F52C5105480082DBA6 /* Products */,
				16F012CE2C5108E400C47A69 /* Frameworks */,
			);
			sourceTree = "<group>";
		};
		166FD8F52C5105480082DBA6 /* Products */ = {
			isa = PBXGroup;
			children = (
				166FD8F42C5105480082DBA6 /* ZeticMLangeiOSSample.app */,
				166FD9042C5105490082DBA6 /* ZeticMLangeiOSSampleTests.xctest */,
				166FD90E2C5105490082DBA6 /* ZeticMLangeiOSSampleUITests.xctest */,
			);
			name = Products;
			sourceTree = "<group>";
		};
		166FD8F62C5105480082DBA6 /* ZeticMLangeiOSSample */ = {
			isa = PBXGroup;
			children = (
				166FD8F72C5105480082DBA6 /* ZeticMLangeiOSSampleApp.swift */,
				166FD8F92C5105480082DBA6 /* ContentView.swift */,
				166FD8FB2C5105490082DBA6 /* Assets.xcassets */,
				166FD8FD2C5105490082DBA6 /* Preview Content */,
			);
			path = ZeticMLangeiOSSample;
			sourceTree = "<group>";
		};
		166FD8FD2C5105490082DBA6 /* Preview Content */ = {
			isa = PBXGroup;
			children = (
				166FD8FE2C5105490082DBA6 /* Preview Assets.xcassets */,
			);
			path = "Preview Content";
			sourceTree = "<group>";
		};
		166FD9072C5105490082DBA6 /* ZeticMLangeiOSSampleTests */ = {
			isa = PBXGroup;
			children = (
				166FD9082C5105490082DBA6 /* ZeticMLangeiOSSampleTests.swift */,
			);
			path = ZeticMLangeiOSSampleTests;
			sourceTree = "<group>";
		};
		166FD9112C5105490082DBA6 /* ZeticMLangeiOSSampleUITests */ = {
			isa = PBXGroup;
			children = (
				166FD9122C5105490082DBA6 /* ZeticMLangeiOSSampleUITests.swift */,
				166FD9142C5105490082DBA6 /* ZeticMLangeiOSSampleUITestsLaunchTests.swift */,
			);
			path = ZeticMLangeiOSSampleUITests;
			sourceTree = "<group>";
		};
		16F012CE2C5108E400C47A69 /* Frameworks */ = {
			isa = PBXGroup;
			children = (
				160D22212C52AB080067191D /* ZeticMLange.framework */,
			);
			name = Frameworks;
			sourceTree = "<group>";
		};
/* End PBXGroup section */

/* Begin PBXNativeTarget section */
		166FD8F32C5105480082DBA6 /* ZeticMLangeiOSSample */ = {
			isa = PBXNativeTarget;
			buildConfigurationList = 166FD9182C5105490082DBA6 /* Build configuration list for PBXNativeTarget "ZeticMLangeiOSSample" */;
			buildPhases = (
				166FD8F02C5105480082DBA6 /* Sources */,
				166FD8F12C5105480082DBA6 /* Frameworks */,
				166FD8F22C5105480082DBA6 /* Resources */,
				16F012D22C5108E400C47A69 /* Embed Frameworks */,
			);
			buildRules = (
			);
			dependencies = (
			);
			name = ZeticMLangeiOSSample;
			productName = ZeticMLangeiOSSample;
			productReference = 166FD8F42C5105480082DBA6 /* ZeticMLangeiOSSample.app */;
			productType = "com.apple.product-type.application";
		};
		166FD9032C5105490082DBA6 /* ZeticMLangeiOSSampleTests */ = {
			isa = PBXNativeTarget;
			buildConfigurationList = 166FD91B2C5105490082DBA6 /* Build configuration list for PBXNativeTarget "ZeticMLangeiOSSampleTests" */;
			buildPhases = (
				166FD9002C5105490082DBA6 /* Sources */,
				166FD9012C5105490082DBA6 /* Frameworks */,
				166FD9022C5105490082DBA6 /* Resources */,
			);
			buildRules = (
			);
			dependencies = (
				166FD9062C5105490082DBA6 /* PBXTargetDependency */,
			);
			name = ZeticMLangeiOSSampleTests;
			productName = ZeticMLangeiOSSampleTests;
			productReference = 166FD9042C5105490082DBA6 /* ZeticMLangeiOSSampleTests.xctest */;
			productType = "com.apple.product-type.bundle.unit-test";
		};
		166FD90D2C5105490082DBA6 /* ZeticMLangeiOSSampleUITests */ = {
			isa = PBXNativeTarget;
			buildConfigurationList = 166FD91E2C5105490082DBA6 /* Build configuration list for PBXNativeTarget "ZeticMLangeiOSSampleUITests" */;
			buildPhases = (
				166FD90A2C5105490082DBA6 /* Sources */,
				166FD90B2C5105490082DBA6 /* Frameworks */,
				166FD90C2C5105490082DBA6 /* Resources */,
			);
			buildRules = (
			);
			dependencies = (
				166FD9102C5105490082DBA6 /* PBXTargetDependency */,
			);
			name = ZeticMLangeiOSSampleUITests;
			productName = ZeticMLangeiOSSampleUITests;
			productReference = 166FD90E2C5105490082DBA6 /* ZeticMLangeiOSSampleUITests.xctest */;
			productType = "com.apple.product-type.bundle.ui-testing";
		};
/* End PBXNativeTarget section */

/* Begin PBXProject section */
		166FD8EC2C5105480082DBA6 /* Project object */ = {
			isa = PBXProject;
			attributes = {
				BuildIndependentTargetsInParallel = 1;
				LastSwiftUpdateCheck = 1540;
				LastUpgradeCheck = 1540;
				TargetAttributes = {
					166FD8F32C5105480082DBA6 = {
						CreatedOnToolsVersion = 15.4;
					};
					166FD9032C5105490082DBA6 = {
						CreatedOnToolsVersion = 15.4;
						TestTargetID = 166FD8F32C5105480082DBA6;
					};
					166FD90D2C5105490082DBA6 = {
						CreatedOnToolsVersion = 15.4;
						TestTargetID = 166FD8F32C5105480082DBA6;
					};
				};
			};
			buildConfigurationList = 166FD8EF2C5105480082DBA6 /* Build configuration list for PBXProject "ZeticMLangeiOSSample" */;
			compatibilityVersion = "Xcode 14.0";
			developmentRegion = en;
			hasScannedForEncodings = 0;
			knownRegions = (
				en,
				Base,
			);
			mainGroup = 166FD8EB2C5105480082DBA6;
			productRefGroup = 166FD8F52C5105480082DBA6 /* Products */;
			projectDirPath = "";
			projectRoot = "";
			targets = (
				166FD8F32C5105480082DBA6 /* ZeticMLangeiOSSample */,
				166FD9032C5105490082DBA6 /* ZeticMLangeiOSSampleTests */,
				166FD90D2C5105490082DBA6 /* ZeticMLangeiOSSampleUITests */,
			);
		};
/* End PBXProject section */

/* Begin PBXResourcesBuildPhase section */
		166FD8F22C5105480082DBA6 /* Resources */ = {
			isa = PBXResourcesBuildPhase;
			buildActionMask = 2147483647;
			files = (
				166FD8FF2C5105490082DBA6 /* Preview Assets.xcassets in Resources */,
				166FD8FC2C5105490082DBA6 /* Assets.xcassets in Resources */,
			);
			runOnlyForDeploymentPostprocessing = 0;
		};
		166FD9022C5105490082DBA6 /* Resources */ = {
			isa = PBXResourcesBuildPhase;
			buildActionMask = 2147483647;
			files = (
			);
			runOnlyForDeploymentPostprocessing = 0;
		};
		166FD90C2C5105490082DBA6 /* Resources */ = {
			isa = PBXResourcesBuildPhase;
			buildActionMask = 2147483647;
			files = (
			);
			runOnlyForDeploymentPostprocessing = 0;
		};
/* End PBXResourcesBuildPhase section */

/* Begin PBXSourcesBuildPhase section */
		166FD8F02C5105480082DBA6 /* Sources */ = {
			isa = PBXSourcesBuildPhase;
			buildActionMask = 2147483647;
			files = (
				166FD8FA2C5105480082DBA6 /* ContentView.swift in Sources */,
				166FD8F82C5105480082DBA6 /* ZeticMLangeiOSSampleApp.swift in Sources */,
			);
			runOnlyForDeploymentPostprocessing = 0;
		};
		166FD9002C5105490082DBA6 /* Sources */ = {
			isa = PBXSourcesBuildPhase;
			buildActionMask = 2147483647;
			files = (
				166FD9092C5105490082DBA6 /* ZeticMLangeiOSSampleTests.swift in Sources */,
			);
			runOnlyForDeploymentPostprocessing = 0;
		};
		166FD90A2C5105490082DBA6 /* Sources */ = {
			isa = PBXSourcesBuildPhase;
			buildActionMask = 2147483647;
			files = (
				166FD9152C5105490082DBA6 /* ZeticMLangeiOSSampleUITestsLaunchTests.swift in Sources */,
				166FD9132C5105490082DBA6 /* ZeticMLangeiOSSampleUITests.swift in Sources */,
			);
			runOnlyForDeploymentPostprocessing = 0;
		};
/* End PBXSourcesBuildPhase section */

/* Begin PBXTargetDependency section */
		166FD9062C5105490082DBA6 /* PBXTargetDependency */ = {
			isa = PBXTargetDependency;
			target = 166FD8F32C5105480082DBA6 /* ZeticMLangeiOSSample */;
			targetProxy = 166FD9052C5105490082DBA6 /* PBXContainerItemProxy */;
		};
		166FD9102C5105490082DBA6 /* PBXTargetDependency */ = {
			isa = PBXTargetDependency;
			target = 166FD8F32C5105480082DBA6 /* ZeticMLangeiOSSample */;
			targetProxy = 166FD90F2C5105490082DBA6 /* PBXContainerItemProxy */;
		};
/* End PBXTargetDependency section */

/* Begin XCBuildConfiguration section */
		166FD9162C5105490082DBA6 /* Debug */ = {
			isa = XCBuildConfiguration;
			buildSettings = {
				ALWAYS_SEARCH_USER_PATHS = NO;
				ASSETCATALOG_COMPILER_GENERATE_SWIFT_ASSET_SYMBOL_EXTENSIONS = YES;
				CLANG_ANALYZER_NONNULL = YES;
				CLANG_ANALYZER_NUMBER_OBJECT_CONVERSION = YES_AGGRESSIVE;
				CLANG_CXX_LANGUAGE_STANDARD = "gnu++20";
				CLANG_ENABLE_MODULES = YES;
				CLANG_ENABLE_OBJC_ARC = YES;
				CLANG_ENABLE_OBJC_WEAK = YES;
				CLANG_WARN_BLOCK_CAPTURE_AUTORELEASING = YES;
				CLANG_WARN_BOOL_CONVERSION = YES;
				CLANG_WARN_COMMA = YES;
				CLANG_WARN_CONSTANT_CONVERSION = YES;
				CLANG_WARN_DEPRECATED_OBJC_IMPLEMENTATIONS = YES;
				CLANG_WARN_DIRECT_OBJC_ISA_USAGE = YES_ERROR;
				CLANG_WARN_DOCUMENTATION_COMMENTS = YES;
				CLANG_WARN_EMPTY_BODY = YES;
				CLANG_WARN_ENUM_CONVERSION = YES;
				CLANG_WARN_INFINITE_RECURSION = YES;
				CLANG_WARN_INT_CONVERSION = YES;
				CLANG_WARN_NON_LITERAL_NULL_CONVERSION = YES;
				CLANG_WARN_OBJC_IMPLICIT_RETAIN_SELF = YES;
				CLANG_WARN_OBJC_LITERAL_CONVERSION = YES;
				CLANG_WARN_OBJC_ROOT_CLASS = YES_ERROR;
				CLANG_WARN_QUOTED_INCLUDE_IN_FRAMEWORK_HEADER = YES;
				CLANG_WARN_RANGE_LOOP_ANALYSIS = YES;
				CLANG_WARN_STRICT_PROTOTYPES = YES;
				CLANG_WARN_SUSPICIOUS_MOVE = YES;
				CLANG_WARN_UNGUARDED_AVAILABILITY = YES_AGGRESSIVE;
				CLANG_WARN_UNREACHABLE_CODE = YES;
				CLANG_WARN__DUPLICATE_METHOD_MATCH = YES;
				COPY_PHASE_STRIP = NO;
				DEBUG_INFORMATION_FORMAT = dwarf;
				ENABLE_STRICT_OBJC_MSGSEND = YES;
				ENABLE_TESTABILITY = YES;
				ENABLE_USER_SCRIPT_SANDBOXING = YES;
				GCC_C_LANGUAGE_STANDARD = gnu17;
				GCC_DYNAMIC_NO_PIC = NO;
				GCC_NO_COMMON_BLOCKS = YES;
				GCC_OPTIMIZATION_LEVEL = 0;
				GCC_PREPROCESSOR_DEFINITIONS = (
					"DEBUG=1",
					"$(inherited)",
				);
				GCC_WARN_64_TO_32_BIT_CONVERSION = YES;
				GCC_WARN_ABOUT_RETURN_TYPE = YES_ERROR;
				GCC_WARN_UNDECLARED_SELECTOR = YES;
				GCC_WARN_UNINITIALIZED_AUTOS = YES_AGGRESSIVE;
				GCC_WARN_UNUSED_FUNCTION = YES;
				GCC_WARN_UNUSED_VARIABLE = YES;
				IPHONEOS_DEPLOYMENT_TARGET = 17.5;
				LOCALIZATION_PREFERS_STRING_CATALOGS = YES;
				MTL_ENABLE_DEBUG_INFO = INCLUDE_SOURCE;
				MTL_FAST_MATH = YES;
				ONLY_ACTIVE_ARCH = YES;
				SDKROOT = iphoneos;
				SWIFT_ACTIVE_COMPILATION_CONDITIONS = "DEBUG $(inherited)";
				SWIFT_OPTIMIZATION_LEVEL = "-Onone";
			};
			name = Debug;
		};
		166FD9172C5105490082DBA6 /* Release */ = {
			isa = XCBuildConfiguration;
			buildSettings = {
				ALWAYS_SEARCH_USER_PATHS = NO;
				ASSETCATALOG_COMPILER_GENERATE_SWIFT_ASSET_SYMBOL_EXTENSIONS = YES;
				CLANG_ANALYZER_NONNULL = YES;
				CLANG_ANALYZER_NUMBER_OBJECT_CONVERSION = YES_AGGRESSIVE;
				CLANG_CXX_LANGUAGE_STANDARD = "gnu++20";
				CLANG_ENABLE_MODULES = YES;
				CLANG_ENABLE_OBJC_ARC = YES;
				CLANG_ENABLE_OBJC_WEAK = YES;
				CLANG_WARN_BLOCK_CAPTURE_AUTORELEASING = YES;
				CLANG_WARN_BOOL_CONVERSION = YES;
				CLANG_WARN_COMMA = YES;
				CLANG_WARN_CONSTANT_CONVERSION = YES;
				CLANG_WARN_DEPRECATED_OBJC_IMPLEMENTATIONS = YES;
				CLANG_WARN_DIRECT_OBJC_ISA_USAGE = YES_ERROR;
				CLANG_WARN_DOCUMENTATION_COMMENTS = YES;
				CLANG_WARN_EMPTY_BODY = YES;
				CLANG_WARN_ENUM_CONVERSION = YES;
				CLANG_WARN_INFINITE_RECURSION = YES;
				CLANG_WARN_INT_CONVERSION = YES;
				CLANG_WARN_NON_LITERAL_NULL_CONVERSION = YES;
				CLANG_WARN_OBJC_IMPLICIT_RETAIN_SELF = YES;
				CLANG_WARN_OBJC_LITERAL_CONVERSION = YES;
				CLANG_WARN_OBJC_ROOT_CLASS = YES_ERROR;
				CLANG_WARN_QUOTED_INCLUDE_IN_FRAMEWORK_HEADER = YES;
				CLANG_WARN_RANGE_LOOP_ANALYSIS = YES;
				CLANG_WARN_STRICT_PROTOTYPES = YES;
				CLANG_WARN_SUSPICIOUS_MOVE = YES;
				CLANG_WARN_UNGUARDED_AVAILABILITY = YES_AGGRESSIVE;
				CLANG_WARN_UNREACHABLE_CODE = YES;
				CLANG_WARN__DUPLICATE_METHOD_MATCH = YES;
				COPY_PHASE_STRIP = NO;
				DEBUG_INFORMATION_FORMAT = "dwarf-with-dsym";
				ENABLE_NS_ASSERTIONS = NO;
				ENABLE_STRICT_OBJC_MSGSEND = YES;
				ENABLE_USER_SCRIPT_SANDBOXING = YES;
				GCC_C_LANGUAGE_STANDARD = gnu17;
				GCC_NO_COMMON_BLOCKS = YES;
				GCC_WARN_64_TO_32_BIT_CONVERSION = YES;
				GCC_WARN_ABOUT_RETURN_TYPE = YES_ERROR;
				GCC_WARN_UNDECLARED_SELECTOR = YES;
				GCC_WARN_UNINITIALIZED_AUTOS = YES_AGGRESSIVE;
				GCC_WARN_UNUSED_FUNCTION = YES;
				GCC_WARN_UNUSED_VARIABLE = YES;
				IPHONEOS_DEPLOYMENT_TARGET = 17.5;
				LOCALIZATION_PREFERS_STRING_CATALOGS = YES;
				MTL_ENABLE_DEBUG_INFO = NO;
				MTL_FAST_MATH = YES;
				SDKROOT = iphoneos;
				SWIFT_COMPILATION_MODE = wholemodule;
				VALIDATE_PRODUCT = YES;
			};
			name = Release;
		};
		166FD9192C5105490082DBA6 /* Debug */ = {
			isa = XCBuildConfiguration;
			buildSettings = {
				ASSETCATALOG_COMPILER_APPICON_NAME = AppIcon;
				ASSETCATALOG_COMPILER_GLOBAL_ACCENT_COLOR_NAME = AccentColor;
				CODE_SIGN_STYLE = Automatic;
				CURRENT_PROJECT_VERSION = 1;
				DEVELOPMENT_ASSET_PATHS = "\"ZeticMLangeiOSSample/Preview Content\"";
				DEVELOPMENT_TEAM = 7MFYYTGH2P;
				ENABLE_PREVIEWS = YES;
				FRAMEWORK_SEARCH_PATHS = (
					"$(inherited)",
					"$(PROJECT_DIR)",
				);
				GENERATE_INFOPLIST_FILE = YES;
				INFOPLIST_KEY_UIApplicationSceneManifest_Generation = YES;
				INFOPLIST_KEY_UIApplicationSupportsIndirectInputEvents = YES;
				INFOPLIST_KEY_UILaunchScreen_Generation = YES;
				INFOPLIST_KEY_UISupportedInterfaceOrientations_iPad = "UIInterfaceOrientationPortrait UIInterfaceOrientationPortraitUpsideDown UIInterfaceOrientationLandscapeLeft UIInterfaceOrientationLandscapeRight";
				INFOPLIST_KEY_UISupportedInterfaceOrientations_iPhone = "UIInterfaceOrientationPortrait UIInterfaceOrientationLandscapeLeft UIInterfaceOrientationLandscapeRight";
				LD_RUNPATH_SEARCH_PATHS = (
					"$(inherited)",
					"@executable_path/Frameworks",
				);
				MARKETING_VERSION = 1.0;
				PRODUCT_BUNDLE_IDENTIFIER = com.zetic.ZeticMLangeiOSSample;
				PRODUCT_NAME = "$(TARGET_NAME)";
				SWIFT_EMIT_LOC_STRINGS = YES;
				SWIFT_VERSION = 5.0;
				TARGETED_DEVICE_FAMILY = "1,2";
			};
			name = Debug;
		};
		166FD91A2C5105490082DBA6 /* Release */ = {
			isa = XCBuildConfiguration;
			buildSettings = {
				ASSETCATALOG_COMPILER_APPICON_NAME = AppIcon;
				ASSETCATALOG_COMPILER_GLOBAL_ACCENT_COLOR_NAME = AccentColor;
				CODE_SIGN_STYLE = Automatic;
				CURRENT_PROJECT_VERSION = 1;
				DEVELOPMENT_ASSET_PATHS = "\"ZeticMLangeiOSSample/Preview Content\"";
				DEVELOPMENT_TEAM = 7MFYYTGH2P;
				ENABLE_PREVIEWS = YES;
				FRAMEWORK_SEARCH_PATHS = (
					"$(inherited)",
					"$(PROJECT_DIR)",
				);
				GENERATE_INFOPLIST_FILE = YES;
				INFOPLIST_KEY_UIApplicationSceneManifest_Generation = YES;
				INFOPLIST_KEY_UIApplicationSupportsIndirectInputEvents = YES;
				INFOPLIST_KEY_UILaunchScreen_Generation = YES;
				INFOPLIST_KEY_UISupportedInterfaceOrientations_iPad = "UIInterfaceOrientationPortrait UIInterfaceOrientationPortraitUpsideDown UIInterfaceOrientationLandscapeLeft UIInterfaceOrientationLandscapeRight";
				INFOPLIST_KEY_UISupportedInterfaceOrientations_iPhone = "UIInterfaceOrientationPortrait UIInterfaceOrientationLandscapeLeft UIInterfaceOrientationLandscapeRight";
				LD_RUNPATH_SEARCH_PATHS = (
					"$(inherited)",
					"@executable_path/Frameworks",
				);
				MARKETING_VERSION = 1.0;
				PRODUCT_BUNDLE_IDENTIFIER = com.zetic.ZeticMLangeiOSSample;
				PRODUCT_NAME = "$(TARGET_NAME)";
				SWIFT_EMIT_LOC_STRINGS = YES;
				SWIFT_VERSION = 5.0;
				TARGETED_DEVICE_FAMILY = "1,2";
			};
			name = Release;
		};
		166FD91C2C5105490082DBA6 /* Debug */ = {
			isa = XCBuildConfiguration;
			buildSettings = {
				ALWAYS_EMBED_SWIFT_STANDARD_LIBRARIES = YES;
				BUNDLE_LOADER = "$(TEST_HOST)";
				CODE_SIGN_STYLE = Automatic;
				CURRENT_PROJECT_VERSION = 1;
				DEVELOPMENT_TEAM = 7MFYYTGH2P;
				GENERATE_INFOPLIST_FILE = YES;
				IPHONEOS_DEPLOYMENT_TARGET = 17.5;
				MARKETING_VERSION = 1.0;
				PRODUCT_BUNDLE_IDENTIFIER = com.zetic.ZeticMLangeiOSSampleTests;
				PRODUCT_NAME = "$(TARGET_NAME)";
				SWIFT_EMIT_LOC_STRINGS = NO;
				SWIFT_VERSION = 5.0;
				TARGETED_DEVICE_FAMILY = "1,2";
				TEST_HOST = "$(BUILT_PRODUCTS_DIR)/ZeticMLangeiOSSample.app/$(BUNDLE_EXECUTABLE_FOLDER_PATH)/ZeticMLangeiOSSample";
			};
			name = Debug;
		};
		166FD91D2C5105490082DBA6 /* Release */ = {
			isa = XCBuildConfiguration;
			buildSettings = {
				ALWAYS_EMBED_SWIFT_STANDARD_LIBRARIES = YES;
				BUNDLE_LOADER = "$(TEST_HOST)";
				CODE_SIGN_STYLE = Automatic;
				CURRENT_PROJECT_VERSION = 1;
				DEVELOPMENT_TEAM = 7MFYYTGH2P;
				GENERATE_INFOPLIST_FILE = YES;
				IPHONEOS_DEPLOYMENT_TARGET = 17.5;
				MARKETING_VERSION = 1.0;
				PRODUCT_BUNDLE_IDENTIFIER = com.zetic.ZeticMLangeiOSSampleTests;
				PRODUCT_NAME = "$(TARGET_NAME)";
				SWIFT_EMIT_LOC_STRINGS = NO;
				SWIFT_VERSION = 5.0;
				TARGETED_DEVICE_FAMILY = "1,2";
				TEST_HOST = "$(BUILT_PRODUCTS_DIR)/ZeticMLangeiOSSample.app/$(BUNDLE_EXECUTABLE_FOLDER_PATH)/ZeticMLangeiOSSample";
			};
			name = Release;
		};
		166FD91F2C5105490082DBA6 /* Debug */ = {
			isa = XCBuildConfiguration;
			buildSettings = {
				ALWAYS_EMBED_SWIFT_STANDARD_LIBRARIES = YES;
				CODE_SIGN_STYLE = Automatic;
				CURRENT_PROJECT_VERSION = 1;
				DEVELOPMENT_TEAM = 7MFYYTGH2P;
				GENERATE_INFOPLIST_FILE = YES;
				MARKETING_VERSION = 1.0;
				PRODUCT_BUNDLE_IDENTIFIER = com.zetic.ZeticMLangeiOSSampleUITests;
				PRODUCT_NAME = "$(TARGET_NAME)";
				SWIFT_EMIT_LOC_STRINGS = NO;
				SWIFT_VERSION = 5.0;
				TARGETED_DEVICE_FAMILY = "1,2";
				TEST_TARGET_NAME = ZeticMLangeiOSSample;
			};
			name = Debug;
		};
		166FD9202C5105490082DBA6 /* Release */ = {
			isa = XCBuildConfiguration;
			buildSettings = {
				ALWAYS_EMBED_SWIFT_STANDARD_LIBRARIES = YES;
				CODE_SIGN_STYLE = Automatic;
				CURRENT_PROJECT_VERSION = 1;
				DEVELOPMENT_TEAM = 7MFYYTGH2P;
				GENERATE_INFOPLIST_FILE = YES;
				MARKETING_VERSION = 1.0;
				PRODUCT_BUNDLE_IDENTIFIER = com.zetic.ZeticMLangeiOSSampleUITests;
				PRODUCT_NAME = "$(TARGET_NAME)";
				SWIFT_EMIT_LOC_STRINGS = NO;
				SWIFT_VERSION = 5.0;
				TARGETED_DEVICE_FAMILY = "1,2";
				TEST_TARGET_NAME = ZeticMLangeiOSSample;
			};
			name = Release;
		};
/* End XCBuildConfiguration section */

/* Begin XCConfigurationList section */
		166FD8EF2C5105480082DBA6 /* Build configuration list for PBXProject "ZeticMLangeiOSSample" */ = {
			isa = XCConfigurationList;
			buildConfigurations = (
				166FD9162C5105490082DBA6 /* Debug */,
				166FD9172C5105490082DBA6 /* Release */,
			);
			defaultConfigurationIsVisible = 0;
			defaultConfigurationName = Release;
		};
		166FD9182C5105490082DBA6 /* Build configuration list for PBXNativeTarget "ZeticMLangeiOSSample" */ = {
			isa = XCConfigurationList;
			buildConfigurations = (
				166FD9192C5105490082DBA6 /* Debug */,
				166FD91A2C5105490082DBA6 /* Release */,
			);
			defaultConfigurationIsVisible = 0;
			defaultConfigurationName = Release;
		};
		166FD91B2C5105490082DBA6 /* Build configuration list for PBXNativeTarget "ZeticMLangeiOSSampleTests" */ = {
			isa = XCConfigurationList;
			buildConfigurations = (
				166FD91C2C5105490082DBA6 /* Debug */,
				166FD91D2C5105490082DBA6 /* Release */,
			);
			defaultConfigurationIsVisible = 0;
			defaultConfigurationName = Release;
		};
		166FD91E2C5105490082DBA6 /* Build configuration list for PBXNativeTarget "ZeticMLangeiOSSampleUITests" */ = {
			isa = XCConfigurationList;
			buildConfigurations = (
				166FD91F2C5105490082DBA6 /* Debug */,
				166FD9202C5105490082DBA6 /* Release */,
			);
			defaultConfigurationIsVisible = 0;
			defaultConfigurationName = Release;
		};
/* End XCConfigurationList section */
	};
	rootObject = 166FD8EC2C5105480082DBA6 /* Project object */;
}
